
Microsoft Visual Studio Solution File, Format Version 12.00
# Visual Studio Version 17
VisualStudioVersion = 17.0.31903.59
MinimumVisualStudioVersion = 10.0.40219.1
Project("{9A19103F-16F7-4668-BE54-9A1E7A4F7556}") = "TodoListApp.Tests", "TodoListApp.Tests\TodoListApp.Tests.csproj", "{7FABAC1D-7EDB-4479-A08D-1082FC749DB8}"
EndProject
Project("{9A19103F-16F7-4668-BE54-9A1E7A4F7556}") = "TodoApp.Cli", "TodoListApp\TodoApp.Cli.csproj", "{48FE82AD-F11D-41FF-B03F-161FBF1CC1CD}"
EndProject
Project("{9A19103F-16F7-4668-BE54-9A1E7A4F7556}") = "TodoApp.Core", "TodoApp.Core\TodoApp.Core.csproj", "{A0282CE4-B415-4B85-8343-292D886EA785}"
EndProject
Global
	GlobalSection(SolutionConfigurationPlatforms) = preSolution
		Debug|Any CPU = Debug|Any CPU
		Release|Any CPU = Release|Any CPU
	EndGlobalSection
	GlobalSection(ProjectConfigurationPlatforms) = postSolution
		{7FABAC1D-7EDB-4479-A08D-1082FC749DB8}.Debug|Any CPU.ActiveCfg = Debug|Any CPU
		{7FABAC1D-7EDB-4479-A08D-1082FC749DB8}.Debug|Any CPU.Build.0 = Debug|Any CPU
		{7FABAC1D-7EDB-4479-A08D-1082FC749DB8}.Release|Any CPU.ActiveCfg = Release|Any CPU
		{7FABAC1D-7EDB-4479-A08D-1082FC749DB8}.Release|Any CPU.Build.0 = Release|Any CPU
		{48FE82AD-F11D-41FF-B03F-161FBF1CC1CD}.Debug|Any CPU.ActiveCfg = Debug|Any CPU
		{48FE82AD-F11D-41FF-B03F-161FBF1CC1CD}.Debug|Any CPU.Build.0 = Debug|Any CPU
		{48FE82AD-F11D-41FF-B03F-161FBF1CC1CD}.Release|Any CPU.ActiveCfg = Release|Any CPU
		{48FE82AD-F11D-41FF-B03F-161FBF1CC1CD}.Release|Any CPU.Build.0 = Release|Any CPU
		{A0282CE4-B415-4B85-8343-292D886EA785}.Debug|Any CPU.ActiveCfg = Debug|Any CPU
		{A0282CE4-B415-4B85-8343-292D886EA785}.Debug|Any CPU.Build.0 = Debug|Any CPU
		{A0282CE4-B415-4B85-8343-292D886EA785}.Release|Any CPU.ActiveCfg = Release|Any CPU
		{A0282CE4-B415-4B85-8343-292D886EA785}.Release|Any CPU.Build.0 = Release|Any CPU
	EndGlobalSection
	GlobalSection(SolutionProperties) = preSolution
		HideSolutionNode = FALSE
	EndGlobalSection
EndGlobal
